
Microsoft Visual Studio Solution File, Format Version 12.00
# Visual Studio Version 17
VisualStudioVersion = 17.5.002.0
MinimumVisualStudioVersion = 10.0.40219.1
Project("{9A19103F-16F7-4668-BE54-9A1E7A4F7556}") = "Gameboy", "Gameboy.csproj", "{E4486CA9-8247-477A-A127-3D03CD7EACCA}"
EndProject
Global
	GlobalSection(SolutionConfigurationPlatforms) = preSolution
		Debug|Any CPU = Debug|Any CPU
		Release|Any CPU = Release|Any CPU
	EndGlobalSection
	GlobalSection(ProjectConfigurationPlatforms) = postSolution
		{E4486CA9-8247-477A-A127-3D03CD7EACCA}.Debug|Any CPU.ActiveCfg = Debug|Any CPU
		{E4486CA9-8247-477A-A127-3D03CD7EACCA}.Debug|Any CPU.Build.0 = Debug|Any CPU
		{E4486CA9-8247-477A-A127-3D03CD7EACCA}.Release|Any CPU.ActiveCfg = Release|Any CPU
		{E4486CA9-8247-477A-A127-3D03CD7EACCA}.Release|Any CPU.Build.0 = Release|Any CPU
	EndGlobalSection
	GlobalSection(SolutionProperties) = preSolution
		HideSolutionNode = FALSE
	EndGlobalSection
	GlobalSection(ExtensibilityGlobals) = postSolution
		SolutionGuid = {AE82625E-FA0E-4419-BD34-6435D6992779}
	EndGlobalSection
EndGlobal
